
Microsoft Visual Studio Solution File, Format Version 11.00
# Visual Studio 2010
Project("{2150E333-8FDC-42A3-9474-1A3956D46DE8}") = "Schemas", "Schemas", "{83AAD3FC-68EA-4655-A749-8BF59057CA4A}"
EndProject
Project("{FAE04EC0-301F-11D3-BF4B-00C04F79EFBC}") = "Newegg.EaaS.Schemas", "Schemas\EaaSSchema\Newegg.EaaS.Schemas.btproj", "{1D09E339-9631-420B-BB47-DD2AD69FDEB4}"
EndProject
Project("{FAE04EC0-301F-11D3-BF4B-00C04F79EFBC}") = "Newegg.EaaS.X12_00401_110", "Schemas\X12_00401_110\Newegg.EaaS.X12_00401_110.btproj", "{0B0E80F7-9ED7-4667-88EA-B24DE42F1CA4}"
EndProject
Project("{FAE04EC0-301F-11D3-BF4B-00C04F79EFBC}") = "Newegg.EaaS.X12_00401_210", "Schemas\X12_00401_210\Newegg.EaaS.X12_00401_210.btproj", "{AB74D550-032B-4894-B18C-D70C9891F7D3}"
EndProject
Project("{FAE04EC0-301F-11D3-BF4B-00C04F79EFBC}") = "Newegg.EaaS.X12_00401_214", "Schemas\X12_00401_214\Newegg.EaaS.X12_00401_214.btproj", "{F161BFBE-86F2-418E-B753-883B581E07E4}"
EndProject
Project("{FAE04EC0-301F-11D3-BF4B-00C04F79EFBC}") = "Newegg.EaaS.X12_00401_810", "Schemas\X12_00401_810\Newegg.EaaS.X12_00401_810.btproj", "{9D958404-C339-4329-B38E-2ED87FDAF0B4}"
EndProject
Project("{FAE04EC0-301F-11D3-BF4B-00C04F79EFBC}") = "Newegg.EaaS.X12_00401_810Extended", "Schemas\X12_00401_810Ext\Newegg.EaaS.X12_00401_810Extended.btproj", "{7E68ABCC-7B1D-461A-82DE-BE7958931BED}"
EndProject
Project("{FAE04EC0-301F-11D3-BF4B-00C04F79EFBC}") = "Newegg.EaaS.X12_00401_832", "Schemas\X12_00401_832\Newegg.EaaS.X12_00401_832.btproj", "{8E78FCB6-0ECB-47DD-93FC-83CAD4DF6EA2}"
EndProject
Project("{FAE04EC0-301F-11D3-BF4B-00C04F79EFBC}") = "Newegg.EaaS.X12_00401_846", "Schemas\X12_00401_846\Newegg.EaaS.X12_00401_846.btproj", "{AF044F05-6D02-4B61-8A30-D586548A864D}"
EndProject
Project("{FAE04EC0-301F-11D3-BF4B-00C04F79EFBC}") = "Newegg.EaaS.X12_00401_846Extended", "Schemas\X12_00401_846Ext\Newegg.EaaS.X12_00401_846Extended.btproj", "{C86FD606-BF2B-4538-9310-20D5538BA2D1}"
EndProject
Project("{FAE04EC0-301F-11D3-BF4B-00C04F79EFBC}") = "Newegg.EaaS.X12_00401_850", "Schemas\X12_00401_850\Newegg.EaaS.X12_00401_850.btproj", "{D1D3CEC7-A35F-4E26-B274-480CF678196A}"
EndProject
Project("{FAE04EC0-301F-11D3-BF4B-00C04F79EFBC}") = "Newegg.EaaS.X12_00401_850Extended", "Schemas\X12_00401_850Ext\Newegg.EaaS.X12_00401_850Extended.btproj", "{D1D47449-CBB1-473F-ADDF-8178BD132EAB}"
EndProject
Project("{FAE04EC0-301F-11D3-BF4B-00C04F79EFBC}") = "Newegg.EaaS.X12_00401_852", "Schemas\X12_00401_852\Newegg.EaaS.X12_00401_852.btproj", "{5BE28BB7-A07E-4A71-99B5-AB04436FC4F4}"
EndProject
Project("{FAE04EC0-301F-11D3-BF4B-00C04F79EFBC}") = "Newegg.EaaS.X12_00401_855", "Schemas\X12_00401_855\Newegg.EaaS.X12_00401_855.btproj", "{415AB0CB-7104-4D1E-A649-1020AC231A6D}"
EndProject
Project("{FAE04EC0-301F-11D3-BF4B-00C04F79EFBC}") = "Newegg.EaaS.X12_00401_855Extended", "Schemas\X12_00401_855Ext\Newegg.EaaS.X12_00401_855Extended.btproj", "{8BF3C24B-E498-4929-B7D6-B9B9AB00C3BE}"
EndProject
Project("{FAE04EC0-301F-11D3-BF4B-00C04F79EFBC}") = "Newegg.EaaS.X12_00401_856", "Schemas\X12_00401_856\Newegg.EaaS.X12_00401_856.btproj", "{0C03903B-D138-4010-B451-230CEB6DC4B8}"
EndProject
Project("{FAE04EC0-301F-11D3-BF4B-00C04F79EFBC}") = "Newegg.EaaS.X12_00401_856Extended", "Schemas\X12_00401_856Ext\Newegg.EaaS.X12_00401_856Extended.btproj", "{6B998238-BB1D-4737-BE09-FB077F0143B7}"
EndProject
Project("{FAE04EC0-301F-11D3-BF4B-00C04F79EFBC}") = "Newegg.EaaS.X12_00401_860", "Schemas\X12_00401_860\Newegg.EaaS.X12_00401_860.btproj", "{53222AA6-25E0-4F79-99B4-39D72D510C55}"
EndProject
Project("{FAE04EC0-301F-11D3-BF4B-00C04F79EFBC}") = "Newegg.EaaS.X12_00401_865", "Schemas\X12_00401_865\Newegg.EaaS.X12_00401_865.btproj", "{38FDE3DD-D44F-4C86-BA7E-5B70B87A681E}"
EndProject
Project("{FAE04EC0-301F-11D3-BF4B-00C04F79EFBC}") = "Newegg.EaaS.X12_00401_940", "Schemas\X12_00401_940\Newegg.EaaS.X12_00401_940.btproj", "{5D8A1AF5-9252-4BA4-8603-9FECA5537F15}"
EndProject
Project("{FAE04EC0-301F-11D3-BF4B-00C04F79EFBC}") = "Newegg.EaaS.X12_00401_945", "Schemas\X12_00401_945\Newegg.EaaS.X12_00401_945.btproj", "{F12A8406-ED55-4201-99DB-C8D3DE3203E7}"
EndProject
Project("{FAE04EC0-301F-11D3-BF4B-00C04F79EFBC}") = "Newegg.EaaS.X12_00403_210", "Schemas\X12_00403_210\Newegg.EaaS.X12_00403_210.btproj", "{E9DA273E-5D81-44BD-B05E-9E91E5304B88}"
EndProject
Project("{FAE04EC0-301F-11D3-BF4B-00C04F79EFBC}") = "Newegg.EaaS.X12_00501_240", "Schemas\X12_00501_240\Newegg.EaaS.X12_00501_240.btproj", "{88110773-4D5B-425C-8D68-39960A7E7BDB}"
EndProject
Project("{FAE04EC0-301F-11D3-BF4B-00C04F79EFBC}") = "Newegg.EaaS.X12_00501_810", "Schemas\X12_00501_810\Newegg.EaaS.X12_00501_810.btproj", "{7522A987-FC14-4AEE-A4EE-AEF420EBA1BA}"
EndProject
Project("{FAE04EC0-301F-11D3-BF4B-00C04F79EFBC}") = "Newegg.EaaS.X12_00501_832", "Schemas\X12_00501_832\Newegg.EaaS.X12_00501_832.btproj", "{880C7877-8242-4116-B8B3-70AE13CCC41E}"
EndProject
Project("{FAE04EC0-301F-11D3-BF4B-00C04F79EFBC}") = "Newegg.EaaS.X12_00501_846", "Schemas\X12_00501_846\Newegg.EaaS.X12_00501_846.btproj", "{A8E13C95-6CDA-461B-8615-8592D5FBFED4}"
EndProject
Project("{FAE04EC0-301F-11D3-BF4B-00C04F79EFBC}") = "Newegg.EaaS.X12_00501_850", "Schemas\X12_00501_850\Newegg.EaaS.X12_00501_850.btproj", "{29069F81-2CAB-4C5A-AD61-F1435E84F48B}"
EndProject
Project("{FAE04EC0-301F-11D3-BF4B-00C04F79EFBC}") = "Newegg.EaaS.X12_00501_855", "Schemas\X12_00501_855\Newegg.EaaS.X12_00501_855.btproj", "{0569722E-0E74-4CF4-BF53-7BABC5B3F176}"
EndProject
Project("{FAE04EC0-301F-11D3-BF4B-00C04F79EFBC}") = "Newegg.EaaS.X12_00501_856", "Schemas\X12_00501_856\Newegg.EaaS.X12_00501_856.btproj", "{139D1AE1-15C7-45D8-9DD9-71B74E8B34FD}"
EndProject
Project("{2150E333-8FDC-42A3-9474-1A3956D46DE8}") = ".nuget", ".nuget", "{82AA4AE4-9CFA-4F3B-B6C9-49531AE1FBE6}"
	ProjectSection(SolutionItems) = preProject
		.nuget\NuGet.Config = .nuget\NuGet.Config
		.nuget\NuGet.exe = .nuget\NuGet.exe
		.nuget\NuGet.targets = .nuget\NuGet.targets
	EndProjectSection
EndProject
Global
	GlobalSection(SolutionConfigurationPlatforms) = preSolution
		Debug|Any CPU = Debug|Any CPU
		Release|Any CPU = Release|Any CPU
	EndGlobalSection
	GlobalSection(ProjectConfigurationPlatforms) = postSolution
		{1D09E339-9631-420B-BB47-DD2AD69FDEB4}.Debug|Any CPU.ActiveCfg = Debug|Any CPU
		{1D09E339-9631-420B-BB47-DD2AD69FDEB4}.Debug|Any CPU.Build.0 = Debug|Any CPU
		{1D09E339-9631-420B-BB47-DD2AD69FDEB4}.Debug|Any CPU.Deploy.0 = Debug|Any CPU
		{1D09E339-9631-420B-BB47-DD2AD69FDEB4}.Release|Any CPU.ActiveCfg = Release|Any CPU
		{1D09E339-9631-420B-BB47-DD2AD69FDEB4}.Release|Any CPU.Build.0 = Release|Any CPU
		{1D09E339-9631-420B-BB47-DD2AD69FDEB4}.Release|Any CPU.Deploy.0 = Release|Any CPU
		{0B0E80F7-9ED7-4667-88EA-B24DE42F1CA4}.Debug|Any CPU.ActiveCfg = Debug|Any CPU
		{0B0E80F7-9ED7-4667-88EA-B24DE42F1CA4}.Debug|Any CPU.Build.0 = Debug|Any CPU
		{0B0E80F7-9ED7-4667-88EA-B24DE42F1CA4}.Debug|Any CPU.Deploy.0 = Debug|Any CPU
		{0B0E80F7-9ED7-4667-88EA-B24DE42F1CA4}.Release|Any CPU.ActiveCfg = Release|Any CPU
		{0B0E80F7-9ED7-4667-88EA-B24DE42F1CA4}.Release|Any CPU.Build.0 = Release|Any CPU
		{0B0E80F7-9ED7-4667-88EA-B24DE42F1CA4}.Release|Any CPU.Deploy.0 = Release|Any CPU
		{AB74D550-032B-4894-B18C-D70C9891F7D3}.Debug|Any CPU.ActiveCfg = Debug|Any CPU
		{AB74D550-032B-4894-B18C-D70C9891F7D3}.Debug|Any CPU.Build.0 = Debug|Any CPU
		{AB74D550-032B-4894-B18C-D70C9891F7D3}.Debug|Any CPU.Deploy.0 = Debug|Any CPU
		{AB74D550-032B-4894-B18C-D70C9891F7D3}.Release|Any CPU.ActiveCfg = Release|Any CPU
		{AB74D550-032B-4894-B18C-D70C9891F7D3}.Release|Any CPU.Build.0 = Release|Any CPU
		{AB74D550-032B-4894-B18C-D70C9891F7D3}.Release|Any CPU.Deploy.0 = Release|Any CPU
		{F161BFBE-86F2-418E-B753-883B581E07E4}.Debug|Any CPU.ActiveCfg = Debug|Any CPU
		{F161BFBE-86F2-418E-B753-883B581E07E4}.Debug|Any CPU.Build.0 = Debug|Any CPU
		{F161BFBE-86F2-418E-B753-883B581E07E4}.Debug|Any CPU.Deploy.0 = Debug|Any CPU
		{F161BFBE-86F2-418E-B753-883B581E07E4}.Release|Any CPU.ActiveCfg = Release|Any CPU
		{F161BFBE-86F2-418E-B753-883B581E07E4}.Release|Any CPU.Build.0 = Release|Any CPU
		{F161BFBE-86F2-418E-B753-883B581E07E4}.Release|Any CPU.Deploy.0 = Release|Any CPU
		{9D958404-C339-4329-B38E-2ED87FDAF0B4}.Debug|Any CPU.ActiveCfg = Debug|Any CPU
		{9D958404-C339-4329-B38E-2ED87FDAF0B4}.Debug|Any CPU.Build.0 = Debug|Any CPU
		{9D958404-C339-4329-B38E-2ED87FDAF0B4}.Debug|Any CPU.Deploy.0 = Debug|Any CPU
		{9D958404-C339-4329-B38E-2ED87FDAF0B4}.Release|Any CPU.ActiveCfg = Release|Any CPU
		{9D958404-C339-4329-B38E-2ED87FDAF0B4}.Release|Any CPU.Build.0 = Release|Any CPU
		{9D958404-C339-4329-B38E-2ED87FDAF0B4}.Release|Any CPU.Deploy.0 = Release|Any CPU
		{7E68ABCC-7B1D-461A-82DE-BE7958931BED}.Debug|Any CPU.ActiveCfg = Debug|Any CPU
		{7E68ABCC-7B1D-461A-82DE-BE7958931BED}.Debug|Any CPU.Build.0 = Debug|Any CPU
		{7E68ABCC-7B1D-461A-82DE-BE7958931BED}.Debug|Any CPU.Deploy.0 = Debug|Any CPU
		{7E68ABCC-7B1D-461A-82DE-BE7958931BED}.Release|Any CPU.ActiveCfg = Release|Any CPU
		{7E68ABCC-7B1D-461A-82DE-BE7958931BED}.Release|Any CPU.Build.0 = Release|Any CPU
		{7E68ABCC-7B1D-461A-82DE-BE7958931BED}.Release|Any CPU.Deploy.0 = Release|Any CPU
		{8E78FCB6-0ECB-47DD-93FC-83CAD4DF6EA2}.Debug|Any CPU.ActiveCfg = Debug|Any CPU
		{8E78FCB6-0ECB-47DD-93FC-83CAD4DF6EA2}.Debug|Any CPU.Build.0 = Debug|Any CPU
		{8E78FCB6-0ECB-47DD-93FC-83CAD4DF6EA2}.Debug|Any CPU.Deploy.0 = Debug|Any CPU
		{8E78FCB6-0ECB-47DD-93FC-83CAD4DF6EA2}.Release|Any CPU.ActiveCfg = Release|Any CPU
		{8E78FCB6-0ECB-47DD-93FC-83CAD4DF6EA2}.Release|Any CPU.Build.0 = Release|Any CPU
		{8E78FCB6-0ECB-47DD-93FC-83CAD4DF6EA2}.Release|Any CPU.Deploy.0 = Release|Any CPU
		{AF044F05-6D02-4B61-8A30-D586548A864D}.Debug|Any CPU.ActiveCfg = Debug|Any CPU
		{AF044F05-6D02-4B61-8A30-D586548A864D}.Debug|Any CPU.Build.0 = Debug|Any CPU
		{AF044F05-6D02-4B61-8A30-D586548A864D}.Debug|Any CPU.Deploy.0 = Debug|Any CPU
		{AF044F05-6D02-4B61-8A30-D586548A864D}.Release|Any CPU.ActiveCfg = Release|Any CPU
		{AF044F05-6D02-4B61-8A30-D586548A864D}.Release|Any CPU.Build.0 = Release|Any CPU
		{AF044F05-6D02-4B61-8A30-D586548A864D}.Release|Any CPU.Deploy.0 = Release|Any CPU
		{C86FD606-BF2B-4538-9310-20D5538BA2D1}.Debug|Any CPU.ActiveCfg = Debug|Any CPU
		{C86FD606-BF2B-4538-9310-20D5538BA2D1}.Debug|Any CPU.Build.0 = Debug|Any CPU
		{C86FD606-BF2B-4538-9310-20D5538BA2D1}.Debug|Any CPU.Deploy.0 = Debug|Any CPU
		{C86FD606-BF2B-4538-9310-20D5538BA2D1}.Release|Any CPU.ActiveCfg = Release|Any CPU
		{C86FD606-BF2B-4538-9310-20D5538BA2D1}.Release|Any CPU.Build.0 = Release|Any CPU
		{C86FD606-BF2B-4538-9310-20D5538BA2D1}.Release|Any CPU.Deploy.0 = Release|Any CPU
		{D1D3CEC7-A35F-4E26-B274-480CF678196A}.Debug|Any CPU.ActiveCfg = Debug|Any CPU
		{D1D3CEC7-A35F-4E26-B274-480CF678196A}.Debug|Any CPU.Build.0 = Debug|Any CPU
		{D1D3CEC7-A35F-4E26-B274-480CF678196A}.Debug|Any CPU.Deploy.0 = Debug|Any CPU
		{D1D3CEC7-A35F-4E26-B274-480CF678196A}.Release|Any CPU.ActiveCfg = Release|Any CPU
		{D1D3CEC7-A35F-4E26-B274-480CF678196A}.Release|Any CPU.Build.0 = Release|Any CPU
		{D1D3CEC7-A35F-4E26-B274-480CF678196A}.Release|Any CPU.Deploy.0 = Release|Any CPU
		{D1D47449-CBB1-473F-ADDF-8178BD132EAB}.Debug|Any CPU.ActiveCfg = Debug|Any CPU
		{D1D47449-CBB1-473F-ADDF-8178BD132EAB}.Debug|Any CPU.Build.0 = Debug|Any CPU
		{D1D47449-CBB1-473F-ADDF-8178BD132EAB}.Debug|Any CPU.Deploy.0 = Debug|Any CPU
		{D1D47449-CBB1-473F-ADDF-8178BD132EAB}.Release|Any CPU.ActiveCfg = Release|Any CPU
		{D1D47449-CBB1-473F-ADDF-8178BD132EAB}.Release|Any CPU.Build.0 = Release|Any CPU
		{D1D47449-CBB1-473F-ADDF-8178BD132EAB}.Release|Any CPU.Deploy.0 = Release|Any CPU
		{5BE28BB7-A07E-4A71-99B5-AB04436FC4F4}.Debug|Any CPU.ActiveCfg = Debug|Any CPU
		{5BE28BB7-A07E-4A71-99B5-AB04436FC4F4}.Debug|Any CPU.Build.0 = Debug|Any CPU
		{5BE28BB7-A07E-4A71-99B5-AB04436FC4F4}.Debug|Any CPU.Deploy.0 = Debug|Any CPU
		{5BE28BB7-A07E-4A71-99B5-AB04436FC4F4}.Release|Any CPU.ActiveCfg = Release|Any CPU
		{5BE28BB7-A07E-4A71-99B5-AB04436FC4F4}.Release|Any CPU.Build.0 = Release|Any CPU
		{5BE28BB7-A07E-4A71-99B5-AB04436FC4F4}.Release|Any CPU.Deploy.0 = Release|Any CPU
		{415AB0CB-7104-4D1E-A649-1020AC231A6D}.Debug|Any CPU.ActiveCfg = Debug|Any CPU
		{415AB0CB-7104-4D1E-A649-1020AC231A6D}.Debug|Any CPU.Build.0 = Debug|Any CPU
		{415AB0CB-7104-4D1E-A649-1020AC231A6D}.Debug|Any CPU.Deploy.0 = Debug|Any CPU
		{415AB0CB-7104-4D1E-A649-1020AC231A6D}.Release|Any CPU.ActiveCfg = Release|Any CPU
		{415AB0CB-7104-4D1E-A649-1020AC231A6D}.Release|Any CPU.Build.0 = Release|Any CPU
		{415AB0CB-7104-4D1E-A649-1020AC231A6D}.Release|Any CPU.Deploy.0 = Release|Any CPU
		{8BF3C24B-E498-4929-B7D6-B9B9AB00C3BE}.Debug|Any CPU.ActiveCfg = Debug|Any CPU
		{8BF3C24B-E498-4929-B7D6-B9B9AB00C3BE}.Debug|Any CPU.Build.0 = Debug|Any CPU
		{8BF3C24B-E498-4929-B7D6-B9B9AB00C3BE}.Debug|Any CPU.Deploy.0 = Debug|Any CPU
		{8BF3C24B-E498-4929-B7D6-B9B9AB00C3BE}.Release|Any CPU.ActiveCfg = Release|Any CPU
		{8BF3C24B-E498-4929-B7D6-B9B9AB00C3BE}.Release|Any CPU.Build.0 = Release|Any CPU
		{8BF3C24B-E498-4929-B7D6-B9B9AB00C3BE}.Release|Any CPU.Deploy.0 = Release|Any CPU
		{0C03903B-D138-4010-B451-230CEB6DC4B8}.Debug|Any CPU.ActiveCfg = Debug|Any CPU
		{0C03903B-D138-4010-B451-230CEB6DC4B8}.Debug|Any CPU.Build.0 = Debug|Any CPU
		{0C03903B-D138-4010-B451-230CEB6DC4B8}.Debug|Any CPU.Deploy.0 = Debug|Any CPU
		{0C03903B-D138-4010-B451-230CEB6DC4B8}.Release|Any CPU.ActiveCfg = Release|Any CPU
		{0C03903B-D138-4010-B451-230CEB6DC4B8}.Release|Any CPU.Build.0 = Release|Any CPU
		{0C03903B-D138-4010-B451-230CEB6DC4B8}.Release|Any CPU.Deploy.0 = Release|Any CPU
		{6B998238-BB1D-4737-BE09-FB077F0143B7}.Debug|Any CPU.ActiveCfg = Debug|Any CPU
		{6B998238-BB1D-4737-BE09-FB077F0143B7}.Debug|Any CPU.Build.0 = Debug|Any CPU
		{6B998238-BB1D-4737-BE09-FB077F0143B7}.Debug|Any CPU.Deploy.0 = Debug|Any CPU
		{6B998238-BB1D-4737-BE09-FB077F0143B7}.Release|Any CPU.ActiveCfg = Release|Any CPU
		{6B998238-BB1D-4737-BE09-FB077F0143B7}.Release|Any CPU.Build.0 = Release|Any CPU
		{6B998238-BB1D-4737-BE09-FB077F0143B7}.Release|Any CPU.Deploy.0 = Release|Any CPU
		{53222AA6-25E0-4F79-99B4-39D72D510C55}.Debug|Any CPU.ActiveCfg = Debug|Any CPU
		{53222AA6-25E0-4F79-99B4-39D72D510C55}.Debug|Any CPU.Build.0 = Debug|Any CPU
		{53222AA6-25E0-4F79-99B4-39D72D510C55}.Debug|Any CPU.Deploy.0 = Debug|Any CPU
		{53222AA6-25E0-4F79-99B4-39D72D510C55}.Release|Any CPU.ActiveCfg = Release|Any CPU
		{53222AA6-25E0-4F79-99B4-39D72D510C55}.Release|Any CPU.Build.0 = Release|Any CPU
		{53222AA6-25E0-4F79-99B4-39D72D510C55}.Release|Any CPU.Deploy.0 = Release|Any CPU
		{38FDE3DD-D44F-4C86-BA7E-5B70B87A681E}.Debug|Any CPU.ActiveCfg = Debug|Any CPU
		{38FDE3DD-D44F-4C86-BA7E-5B70B87A681E}.Debug|Any CPU.Build.0 = Debug|Any CPU
		{38FDE3DD-D44F-4C86-BA7E-5B70B87A681E}.Debug|Any CPU.Deploy.0 = Debug|Any CPU
		{38FDE3DD-D44F-4C86-BA7E-5B70B87A681E}.Release|Any CPU.ActiveCfg = Release|Any CPU
		{38FDE3DD-D44F-4C86-BA7E-5B70B87A681E}.Release|Any CPU.Build.0 = Release|Any CPU
		{38FDE3DD-D44F-4C86-BA7E-5B70B87A681E}.Release|Any CPU.Deploy.0 = Release|Any CPU
		{5D8A1AF5-9252-4BA4-8603-9FECA5537F15}.Debug|Any CPU.ActiveCfg = Debug|Any CPU
		{5D8A1AF5-9252-4BA4-8603-9FECA5537F15}.Debug|Any CPU.Build.0 = Debug|Any CPU
		{5D8A1AF5-9252-4BA4-8603-9FECA5537F15}.Debug|Any CPU.Deploy.0 = Debug|Any CPU
		{5D8A1AF5-9252-4BA4-8603-9FECA5537F15}.Release|Any CPU.ActiveCfg = Release|Any CPU
		{5D8A1AF5-9252-4BA4-8603-9FECA5537F15}.Release|Any CPU.Build.0 = Release|Any CPU
		{5D8A1AF5-9252-4BA4-8603-9FECA5537F15}.Release|Any CPU.Deploy.0 = Release|Any CPU
		{F12A8406-ED55-4201-99DB-C8D3DE3203E7}.Debug|Any CPU.ActiveCfg = Debug|Any CPU
		{F12A8406-ED55-4201-99DB-C8D3DE3203E7}.Debug|Any CPU.Build.0 = Debug|Any CPU
		{F12A8406-ED55-4201-99DB-C8D3DE3203E7}.Debug|Any CPU.Deploy.0 = Debug|Any CPU
		{F12A8406-ED55-4201-99DB-C8D3DE3203E7}.Release|Any CPU.ActiveCfg = Release|Any CPU
		{F12A8406-ED55-4201-99DB-C8D3DE3203E7}.Release|Any CPU.Build.0 = Release|Any CPU
		{F12A8406-ED55-4201-99DB-C8D3DE3203E7}.Release|Any CPU.Deploy.0 = Release|Any CPU
		{E9DA273E-5D81-44BD-B05E-9E91E5304B88}.Debug|Any CPU.ActiveCfg = Debug|Any CPU
		{E9DA273E-5D81-44BD-B05E-9E91E5304B88}.Debug|Any CPU.Build.0 = Debug|Any CPU
		{E9DA273E-5D81-44BD-B05E-9E91E5304B88}.Debug|Any CPU.Deploy.0 = Debug|Any CPU
		{E9DA273E-5D81-44BD-B05E-9E91E5304B88}.Release|Any CPU.ActiveCfg = Release|Any CPU
		{E9DA273E-5D81-44BD-B05E-9E91E5304B88}.Release|Any CPU.Build.0 = Release|Any CPU
		{E9DA273E-5D81-44BD-B05E-9E91E5304B88}.Release|Any CPU.Deploy.0 = Release|Any CPU
		{88110773-4D5B-425C-8D68-39960A7E7BDB}.Debug|Any CPU.ActiveCfg = Debug|Any CPU
		{88110773-4D5B-425C-8D68-39960A7E7BDB}.Debug|Any CPU.Build.0 = Debug|Any CPU
		{88110773-4D5B-425C-8D68-39960A7E7BDB}.Debug|Any CPU.Deploy.0 = Debug|Any CPU
		{88110773-4D5B-425C-8D68-39960A7E7BDB}.Release|Any CPU.ActiveCfg = Release|Any CPU
		{88110773-4D5B-425C-8D68-39960A7E7BDB}.Release|Any CPU.Build.0 = Release|Any CPU
		{88110773-4D5B-425C-8D68-39960A7E7BDB}.Release|Any CPU.Deploy.0 = Release|Any CPU
		{7522A987-FC14-4AEE-A4EE-AEF420EBA1BA}.Debug|Any CPU.ActiveCfg = Debug|Any CPU
		{7522A987-FC14-4AEE-A4EE-AEF420EBA1BA}.Debug|Any CPU.Build.0 = Debug|Any CPU
		{7522A987-FC14-4AEE-A4EE-AEF420EBA1BA}.Debug|Any CPU.Deploy.0 = Debug|Any CPU
		{7522A987-FC14-4AEE-A4EE-AEF420EBA1BA}.Release|Any CPU.ActiveCfg = Release|Any CPU
		{7522A987-FC14-4AEE-A4EE-AEF420EBA1BA}.Release|Any CPU.Build.0 = Release|Any CPU
		{7522A987-FC14-4AEE-A4EE-AEF420EBA1BA}.Release|Any CPU.Deploy.0 = Release|Any CPU
		{880C7877-8242-4116-B8B3-70AE13CCC41E}.Debug|Any CPU.ActiveCfg = Debug|Any CPU
		{880C7877-8242-4116-B8B3-70AE13CCC41E}.Debug|Any CPU.Build.0 = Debug|Any CPU
		{880C7877-8242-4116-B8B3-70AE13CCC41E}.Debug|Any CPU.Deploy.0 = Debug|Any CPU
		{880C7877-8242-4116-B8B3-70AE13CCC41E}.Release|Any CPU.ActiveCfg = Release|Any CPU
		{880C7877-8242-4116-B8B3-70AE13CCC41E}.Release|Any CPU.Build.0 = Release|Any CPU
		{880C7877-8242-4116-B8B3-70AE13CCC41E}.Release|Any CPU.Deploy.0 = Release|Any CPU
		{A8E13C95-6CDA-461B-8615-8592D5FBFED4}.Debug|Any CPU.ActiveCfg = Debug|Any CPU
		{A8E13C95-6CDA-461B-8615-8592D5FBFED4}.Debug|Any CPU.Build.0 = Debug|Any CPU
		{A8E13C95-6CDA-461B-8615-8592D5FBFED4}.Debug|Any CPU.Deploy.0 = Debug|Any CPU
		{A8E13C95-6CDA-461B-8615-8592D5FBFED4}.Release|Any CPU.ActiveCfg = Release|Any CPU
		{A8E13C95-6CDA-461B-8615-8592D5FBFED4}.Release|Any CPU.Build.0 = Release|Any CPU
		{A8E13C95-6CDA-461B-8615-8592D5FBFED4}.Release|Any CPU.Deploy.0 = Release|Any CPU
		{29069F81-2CAB-4C5A-AD61-F1435E84F48B}.Debug|Any CPU.ActiveCfg = Debug|Any CPU
		{29069F81-2CAB-4C5A-AD61-F1435E84F48B}.Debug|Any CPU.Build.0 = Debug|Any CPU
		{29069F81-2CAB-4C5A-AD61-F1435E84F48B}.Debug|Any CPU.Deploy.0 = Debug|Any CPU
		{29069F81-2CAB-4C5A-AD61-F1435E84F48B}.Release|Any CPU.ActiveCfg = Release|Any CPU
		{29069F81-2CAB-4C5A-AD61-F1435E84F48B}.Release|Any CPU.Build.0 = Release|Any CPU
		{29069F81-2CAB-4C5A-AD61-F1435E84F48B}.Release|Any CPU.Deploy.0 = Release|Any CPU
		{0569722E-0E74-4CF4-BF53-7BABC5B3F176}.Debug|Any CPU.ActiveCfg = Debug|Any CPU
		{0569722E-0E74-4CF4-BF53-7BABC5B3F176}.Debug|Any CPU.Build.0 = Debug|Any CPU
		{0569722E-0E74-4CF4-BF53-7BABC5B3F176}.Debug|Any CPU.Deploy.0 = Debug|Any CPU
		{0569722E-0E74-4CF4-BF53-7BABC5B3F176}.Release|Any CPU.ActiveCfg = Release|Any CPU
		{0569722E-0E74-4CF4-BF53-7BABC5B3F176}.Release|Any CPU.Build.0 = Release|Any CPU
		{0569722E-0E74-4CF4-BF53-7BABC5B3F176}.Release|Any CPU.Deploy.0 = Release|Any CPU
		{139D1AE1-15C7-45D8-9DD9-71B74E8B34FD}.Debug|Any CPU.ActiveCfg = Debug|Any CPU
		{139D1AE1-15C7-45D8-9DD9-71B74E8B34FD}.Debug|Any CPU.Build.0 = Debug|Any CPU
		{139D1AE1-15C7-45D8-9DD9-71B74E8B34FD}.Debug|Any CPU.Deploy.0 = Debug|Any CPU
		{139D1AE1-15C7-45D8-9DD9-71B74E8B34FD}.Release|Any CPU.ActiveCfg = Release|Any CPU
		{139D1AE1-15C7-45D8-9DD9-71B74E8B34FD}.Release|Any CPU.Build.0 = Release|Any CPU
		{139D1AE1-15C7-45D8-9DD9-71B74E8B34FD}.Release|Any CPU.Deploy.0 = Release|Any CPU
	EndGlobalSection
	GlobalSection(SolutionProperties) = preSolution
		HideSolutionNode = FALSE
	EndGlobalSection
	GlobalSection(NestedProjects) = preSolution
		{1D09E339-9631-420B-BB47-DD2AD69FDEB4} = {83AAD3FC-68EA-4655-A749-8BF59057CA4A}
		{0B0E80F7-9ED7-4667-88EA-B24DE42F1CA4} = {83AAD3FC-68EA-4655-A749-8BF59057CA4A}
		{AB74D550-032B-4894-B18C-D70C9891F7D3} = {83AAD3FC-68EA-4655-A749-8BF59057CA4A}
		{F161BFBE-86F2-418E-B753-883B581E07E4} = {83AAD3FC-68EA-4655-A749-8BF59057CA4A}
		{9D958404-C339-4329-B38E-2ED87FDAF0B4} = {83AAD3FC-68EA-4655-A749-8BF59057CA4A}
		{7E68ABCC-7B1D-461A-82DE-BE7958931BED} = {83AAD3FC-68EA-4655-A749-8BF59057CA4A}
		{8E78FCB6-0ECB-47DD-93FC-83CAD4DF6EA2} = {83AAD3FC-68EA-4655-A749-8BF59057CA4A}
		{AF044F05-6D02-4B61-8A30-D586548A864D} = {83AAD3FC-68EA-4655-A749-8BF59057CA4A}
		{C86FD606-BF2B-4538-9310-20D5538BA2D1} = {83AAD3FC-68EA-4655-A749-8BF59057CA4A}
		{D1D3CEC7-A35F-4E26-B274-480CF678196A} = {83AAD3FC-68EA-4655-A749-8BF59057CA4A}
		{D1D47449-CBB1-473F-ADDF-8178BD132EAB} = {83AAD3FC-68EA-4655-A749-8BF59057CA4A}
		{5BE28BB7-A07E-4A71-99B5-AB04436FC4F4} = {83AAD3FC-68EA-4655-A749-8BF59057CA4A}
		{415AB0CB-7104-4D1E-A649-1020AC231A6D} = {83AAD3FC-68EA-4655-A749-8BF59057CA4A}
		{8BF3C24B-E498-4929-B7D6-B9B9AB00C3BE} = {83AAD3FC-68EA-4655-A749-8BF59057CA4A}
		{0C03903B-D138-4010-B451-230CEB6DC4B8} = {83AAD3FC-68EA-4655-A749-8BF59057CA4A}
		{6B998238-BB1D-4737-BE09-FB077F0143B7} = {83AAD3FC-68EA-4655-A749-8BF59057CA4A}
		{53222AA6-25E0-4F79-99B4-39D72D510C55} = {83AAD3FC-68EA-4655-A749-8BF59057CA4A}
		{38FDE3DD-D44F-4C86-BA7E-5B70B87A681E} = {83AAD3FC-68EA-4655-A749-8BF59057CA4A}
		{5D8A1AF5-9252-4BA4-8603-9FECA5537F15} = {83AAD3FC-68EA-4655-A749-8BF59057CA4A}
		{F12A8406-ED55-4201-99DB-C8D3DE3203E7} = {83AAD3FC-68EA-4655-A749-8BF59057CA4A}
		{E9DA273E-5D81-44BD-B05E-9E91E5304B88} = {83AAD3FC-68EA-4655-A749-8BF59057CA4A}
		{88110773-4D5B-425C-8D68-39960A7E7BDB} = {83AAD3FC-68EA-4655-A749-8BF59057CA4A}
		{7522A987-FC14-4AEE-A4EE-AEF420EBA1BA} = {83AAD3FC-68EA-4655-A749-8BF59057CA4A}
		{880C7877-8242-4116-B8B3-70AE13CCC41E} = {83AAD3FC-68EA-4655-A749-8BF59057CA4A}
		{A8E13C95-6CDA-461B-8615-8592D5FBFED4} = {83AAD3FC-68EA-4655-A749-8BF59057CA4A}
		{29069F81-2CAB-4C5A-AD61-F1435E84F48B} = {83AAD3FC-68EA-4655-A749-8BF59057CA4A}
		{0569722E-0E74-4CF4-BF53-7BABC5B3F176} = {83AAD3FC-68EA-4655-A749-8BF59057CA4A}
		{139D1AE1-15C7-45D8-9DD9-71B74E8B34FD} = {83AAD3FC-68EA-4655-A749-8BF59057CA4A}
	EndGlobalSection
EndGlobal
